
Microsoft Visual Studio Solution File, Format Version 12.00
# Visual Studio Version 17
VisualStudioVersion = 17.8.34309.116
MinimumVisualStudioVersion = 10.0.40219.1
Project("{FAE04EC0-301F-11D3-BF4B-00C04F79EFBC}") = "csharp-exercise-interfaces", "csharp-exercise-interfaces\csharp-exercise-interfaces.csproj", "{3E111132-1EF2-4AEA-A058-BE7B322BE6A9}"
EndProject
Global
	GlobalSection(SolutionConfigurationPlatforms) = preSolution
		Debug|Any CPU = Debug|Any CPU
		Release|Any CPU = Release|Any CPU
	EndGlobalSection
	GlobalSection(ProjectConfigurationPlatforms) = postSolution
		{3E111132-1EF2-4AEA-A058-BE7B322BE6A9}.Debug|Any CPU.ActiveCfg = Debug|Any CPU
		{3E111132-1EF2-4AEA-A058-BE7B322BE6A9}.Debug|Any CPU.Build.0 = Debug|Any CPU
		{3E111132-1EF2-4AEA-A058-BE7B322BE6A9}.Release|Any CPU.ActiveCfg = Release|Any CPU
		{3E111132-1EF2-4AEA-A058-BE7B322BE6A9}.Release|Any CPU.Build.0 = Release|Any CPU
	EndGlobalSection
	GlobalSection(SolutionProperties) = preSolution
		HideSolutionNode = FALSE
	EndGlobalSection
	GlobalSection(ExtensibilityGlobals) = postSolution
		SolutionGuid = {C65CA990-89B3-44A0-8C6D-233450CEA56C}
	EndGlobalSection
EndGlobal
